
Microsoft Visual Studio Solution File, Format Version 12.00
# Visual Studio Version 16
VisualStudioVersion = 16.0.29521.150
MinimumVisualStudioVersion = 10.0.40219.1
Project("{FAE04EC0-301F-11D3-BF4B-00C04F79EFBC}") = "WebAppOnDocker", "WebAppOnDocker\WebAppOnDocker.csproj", "{92882FC5-DE83-496C-AC90-64D1ECFC6315}"
EndProject
Global
	GlobalSection(SolutionConfigurationPlatforms) = preSolution
		Debug|Any CPU = Debug|Any CPU
		Release|Any CPU = Release|Any CPU
	EndGlobalSection
	GlobalSection(ProjectConfigurationPlatforms) = postSolution
		{92882FC5-DE83-496C-AC90-64D1ECFC6315}.Debug|Any CPU.ActiveCfg = Debug|Any CPU
		{92882FC5-DE83-496C-AC90-64D1ECFC6315}.Debug|Any CPU.Build.0 = Debug|Any CPU
		{92882FC5-DE83-496C-AC90-64D1ECFC6315}.Release|Any CPU.ActiveCfg = Release|Any CPU
		{92882FC5-DE83-496C-AC90-64D1ECFC6315}.Release|Any CPU.Build.0 = Release|Any CPU
	EndGlobalSection
	GlobalSection(SolutionProperties) = preSolution
		HideSolutionNode = FALSE
	EndGlobalSection
	GlobalSection(ExtensibilityGlobals) = postSolution
		SolutionGuid = {35441F5A-8F8B-4FFD-83C1-A550D48B6C89}
	EndGlobalSection
EndGlobal
